
Microsoft Visual Studio Solution File, Format Version 12.00
Project("{FAE04EC0-301F-11D3-BF4B-00C04F79EFBC}") = "Template", "Template\Template.csproj", "{182C2A80-D845-4099-835B-B77AE45407B8}"
EndProject
Project("{FAE04EC0-301F-11D3-BF4B-00C04F79EFBC}") = "Task8", "Task8\Task8.csproj", "{DD01794E-10AF-4AAD-8DFB-936C1D3A4B44}"
EndProject
Project("{FAE04EC0-301F-11D3-BF4B-00C04F79EFBC}") = "TemplateImplementation", "TemplateImplementation\TemplateImplementation.csproj", "{51EBAEA8-E732-4A63-8B5D-D577C4F3523D}"
EndProject
Global
	GlobalSection(SolutionConfigurationPlatforms) = preSolution
		Debug|Any CPU = Debug|Any CPU
		Release|Any CPU = Release|Any CPU
	EndGlobalSection
	GlobalSection(ProjectConfigurationPlatforms) = postSolution
		{182C2A80-D845-4099-835B-B77AE45407B8}.Debug|Any CPU.ActiveCfg = Debug|Any CPU
		{182C2A80-D845-4099-835B-B77AE45407B8}.Debug|Any CPU.Build.0 = Debug|Any CPU
		{182C2A80-D845-4099-835B-B77AE45407B8}.Release|Any CPU.ActiveCfg = Release|Any CPU
		{182C2A80-D845-4099-835B-B77AE45407B8}.Release|Any CPU.Build.0 = Release|Any CPU
		{DD01794E-10AF-4AAD-8DFB-936C1D3A4B44}.Debug|Any CPU.ActiveCfg = Debug|Any CPU
		{DD01794E-10AF-4AAD-8DFB-936C1D3A4B44}.Debug|Any CPU.Build.0 = Debug|Any CPU
		{DD01794E-10AF-4AAD-8DFB-936C1D3A4B44}.Release|Any CPU.ActiveCfg = Release|Any CPU
		{DD01794E-10AF-4AAD-8DFB-936C1D3A4B44}.Release|Any CPU.Build.0 = Release|Any CPU
		{51EBAEA8-E732-4A63-8B5D-D577C4F3523D}.Debug|Any CPU.ActiveCfg = Debug|Any CPU
		{51EBAEA8-E732-4A63-8B5D-D577C4F3523D}.Debug|Any CPU.Build.0 = Debug|Any CPU
		{51EBAEA8-E732-4A63-8B5D-D577C4F3523D}.Release|Any CPU.ActiveCfg = Release|Any CPU
		{51EBAEA8-E732-4A63-8B5D-D577C4F3523D}.Release|Any CPU.Build.0 = Release|Any CPU
	EndGlobalSection
EndGlobal
