
Microsoft Visual Studio Solution File, Format Version 12.00
# Visual Studio 15
VisualStudioVersion = 15.0.27130.2036
MinimumVisualStudioVersion = 10.0.40219.1
Project("{FAE04EC0-301F-11D3-BF4B-00C04F79EFBC}") = "task3", "task3\task3.csproj", "{B76E0721-083A-4FD7-A5A6-8C746B7A6487}"
EndProject
Global
	GlobalSection(SolutionConfigurationPlatforms) = preSolution
		Debug|Any CPU = Debug|Any CPU
		Release|Any CPU = Release|Any CPU
	EndGlobalSection
	GlobalSection(ProjectConfigurationPlatforms) = postSolution
		{B76E0721-083A-4FD7-A5A6-8C746B7A6487}.Debug|Any CPU.ActiveCfg = Debug|Any CPU
		{B76E0721-083A-4FD7-A5A6-8C746B7A6487}.Debug|Any CPU.Build.0 = Debug|Any CPU
		{B76E0721-083A-4FD7-A5A6-8C746B7A6487}.Release|Any CPU.ActiveCfg = Release|Any CPU
		{B76E0721-083A-4FD7-A5A6-8C746B7A6487}.Release|Any CPU.Build.0 = Release|Any CPU
	EndGlobalSection
	GlobalSection(SolutionProperties) = preSolution
		HideSolutionNode = FALSE
	EndGlobalSection
	GlobalSection(ExtensibilityGlobals) = postSolution
		SolutionGuid = {FC3D5ACA-A735-4BD2-8170-2D0FC0298937}
	EndGlobalSection
EndGlobal
