
Microsoft Visual Studio Solution File, Format Version 12.00
Project("{FAE04EC0-301F-11D3-BF4B-00C04F79EFBC}") = "Task5", "Task5\Task5.csproj", "{B010EED1-0932-4D78-ABF0-88DE9D66627E}"
EndProject
Project("{FAE04EC0-301F-11D3-BF4B-00C04F79EFBC}") = "Task5Tests", "Task5Tests\Task5Tests.csproj", "{6BD8BEA7-94F7-43ED-B482-8876067774F8}"
EndProject
Global
	GlobalSection(SolutionConfigurationPlatforms) = preSolution
		Debug|Any CPU = Debug|Any CPU
		Release|Any CPU = Release|Any CPU
	EndGlobalSection
	GlobalSection(ProjectConfigurationPlatforms) = postSolution
		{B010EED1-0932-4D78-ABF0-88DE9D66627E}.Debug|Any CPU.ActiveCfg = Debug|Any CPU
		{B010EED1-0932-4D78-ABF0-88DE9D66627E}.Debug|Any CPU.Build.0 = Debug|Any CPU
		{B010EED1-0932-4D78-ABF0-88DE9D66627E}.Release|Any CPU.ActiveCfg = Release|Any CPU
		{B010EED1-0932-4D78-ABF0-88DE9D66627E}.Release|Any CPU.Build.0 = Release|Any CPU
		{6BD8BEA7-94F7-43ED-B482-8876067774F8}.Debug|Any CPU.ActiveCfg = Debug|Any CPU
		{6BD8BEA7-94F7-43ED-B482-8876067774F8}.Debug|Any CPU.Build.0 = Debug|Any CPU
		{6BD8BEA7-94F7-43ED-B482-8876067774F8}.Release|Any CPU.ActiveCfg = Release|Any CPU
		{6BD8BEA7-94F7-43ED-B482-8876067774F8}.Release|Any CPU.Build.0 = Release|Any CPU
	EndGlobalSection
EndGlobal
